
Microsoft Visual Studio Solution File, Format Version 12.00
# Visual Studio Version 17
VisualStudioVersion = 17.14.36109.1 d17.14
MinimumVisualStudioVersion = 10.0.40219.1
Project("{FAE04EC0-301F-11D3-BF4B-00C04F79EFBC}") = "ATMMachine", "CalculatorApp\ATMMachine.csproj", "{C3FA6317-F851-44E0-BE4B-3AAE9211F008}"
EndProject
Global
	GlobalSection(SolutionConfigurationPlatforms) = preSolution
		Debug|Any CPU = Debug|Any CPU
		Release|Any CPU = Release|Any CPU
	EndGlobalSection
	GlobalSection(ProjectConfigurationPlatforms) = postSolution
		{C3FA6317-F851-44E0-BE4B-3AAE9211F008}.Debug|Any CPU.ActiveCfg = Debug|Any CPU
		{C3FA6317-F851-44E0-BE4B-3AAE9211F008}.Debug|Any CPU.Build.0 = Debug|Any CPU
		{C3FA6317-F851-44E0-BE4B-3AAE9211F008}.Release|Any CPU.ActiveCfg = Release|Any CPU
		{C3FA6317-F851-44E0-BE4B-3AAE9211F008}.Release|Any CPU.Build.0 = Release|Any CPU
	EndGlobalSection
	GlobalSection(SolutionProperties) = preSolution
		HideSolutionNode = FALSE
	EndGlobalSection
	GlobalSection(ExtensibilityGlobals) = postSolution
		SolutionGuid = {F39C98AD-A602-4C56-8E65-CA0FDFEB5738}
	EndGlobalSection
EndGlobal
