
Microsoft Visual Studio Solution File, Format Version 12.00
# Visual Studio Version 17
VisualStudioVersion = 17.14.36109.1 d17.14
MinimumVisualStudioVersion = 10.0.40219.1
Project("{FAE04EC0-301F-11D3-BF4B-00C04F79EFBC}") = "InheritanceExample", "InheritanceExample\InheritanceExample.csproj", "{D5829F7D-79BE-4330-9288-D4E2FC944F03}"
EndProject
Global
	GlobalSection(SolutionConfigurationPlatforms) = preSolution
		Debug|Any CPU = Debug|Any CPU
		Release|Any CPU = Release|Any CPU
	EndGlobalSection
	GlobalSection(ProjectConfigurationPlatforms) = postSolution
		{D5829F7D-79BE-4330-9288-D4E2FC944F03}.Debug|Any CPU.ActiveCfg = Debug|Any CPU
		{D5829F7D-79BE-4330-9288-D4E2FC944F03}.Debug|Any CPU.Build.0 = Debug|Any CPU
		{D5829F7D-79BE-4330-9288-D4E2FC944F03}.Release|Any CPU.ActiveCfg = Release|Any CPU
		{D5829F7D-79BE-4330-9288-D4E2FC944F03}.Release|Any CPU.Build.0 = Release|Any CPU
	EndGlobalSection
	GlobalSection(SolutionProperties) = preSolution
		HideSolutionNode = FALSE
	EndGlobalSection
	GlobalSection(ExtensibilityGlobals) = postSolution
		SolutionGuid = {A403794C-099F-42AA-B5DA-BFCC4CF40FA6}
	EndGlobalSection
EndGlobal
