
Microsoft Visual Studio Solution File, Format Version 12.00
# Visual Studio Version 17
VisualStudioVersion = 17.14.36109.1 d17.14
MinimumVisualStudioVersion = 10.0.40219.1
Project("{FAE04EC0-301F-11D3-BF4B-00C04F79EFBC}") = "AverageCalculator", "AverageCalculator\AverageCalculator.csproj", "{783C1908-AD31-4D37-8F49-840E5E19827D}"
EndProject
Global
	GlobalSection(SolutionConfigurationPlatforms) = preSolution
		Debug|Any CPU = Debug|Any CPU
		Release|Any CPU = Release|Any CPU
	EndGlobalSection
	GlobalSection(ProjectConfigurationPlatforms) = postSolution
		{783C1908-AD31-4D37-8F49-840E5E19827D}.Debug|Any CPU.ActiveCfg = Debug|Any CPU
		{783C1908-AD31-4D37-8F49-840E5E19827D}.Debug|Any CPU.Build.0 = Debug|Any CPU
		{783C1908-AD31-4D37-8F49-840E5E19827D}.Release|Any CPU.ActiveCfg = Release|Any CPU
		{783C1908-AD31-4D37-8F49-840E5E19827D}.Release|Any CPU.Build.0 = Release|Any CPU
	EndGlobalSection
	GlobalSection(SolutionProperties) = preSolution
		HideSolutionNode = FALSE
	EndGlobalSection
	GlobalSection(ExtensibilityGlobals) = postSolution
		SolutionGuid = {2B7647DF-FB97-43EF-AB51-1779CA19D735}
	EndGlobalSection
EndGlobal
