
Microsoft Visual Studio Solution File, Format Version 12.00
# Visual Studio Version 17
VisualStudioVersion = 17.14.36109.1 d17.14
MinimumVisualStudioVersion = 10.0.40219.1
Project("{FAE04EC0-301F-11D3-BF4B-00C04F79EFBC}") = "JaggedArray", "JaggedArray\JaggedArray.csproj", "{154D4502-D319-433C-8802-BFDC690C7523}"
EndProject
Global
	GlobalSection(SolutionConfigurationPlatforms) = preSolution
		Debug|Any CPU = Debug|Any CPU
		Release|Any CPU = Release|Any CPU
	EndGlobalSection
	GlobalSection(ProjectConfigurationPlatforms) = postSolution
		{154D4502-D319-433C-8802-BFDC690C7523}.Debug|Any CPU.ActiveCfg = Debug|Any CPU
		{154D4502-D319-433C-8802-BFDC690C7523}.Debug|Any CPU.Build.0 = Debug|Any CPU
		{154D4502-D319-433C-8802-BFDC690C7523}.Release|Any CPU.ActiveCfg = Release|Any CPU
		{154D4502-D319-433C-8802-BFDC690C7523}.Release|Any CPU.Build.0 = Release|Any CPU
	EndGlobalSection
	GlobalSection(SolutionProperties) = preSolution
		HideSolutionNode = FALSE
	EndGlobalSection
	GlobalSection(ExtensibilityGlobals) = postSolution
		SolutionGuid = {2DDC75CB-DBE4-4DE8-B779-09DF6874A1C5}
	EndGlobalSection
EndGlobal
