
Microsoft Visual Studio Solution File, Format Version 12.00
# Visual Studio Version 17
VisualStudioVersion = 17.14.36109.1 d17.14
MinimumVisualStudioVersion = 10.0.40219.1
Project("{FAE04EC0-301F-11D3-BF4B-00C04F79EFBC}") = "FoEachLoop", "FoEachLoop\FoEachLoop.csproj", "{7C0D5BB2-BE92-43B6-AB27-47ABE14BE401}"
EndProject
Global
	GlobalSection(SolutionConfigurationPlatforms) = preSolution
		Debug|Any CPU = Debug|Any CPU
		Release|Any CPU = Release|Any CPU
	EndGlobalSection
	GlobalSection(ProjectConfigurationPlatforms) = postSolution
		{7C0D5BB2-BE92-43B6-AB27-47ABE14BE401}.Debug|Any CPU.ActiveCfg = Debug|Any CPU
		{7C0D5BB2-BE92-43B6-AB27-47ABE14BE401}.Debug|Any CPU.Build.0 = Debug|Any CPU
		{7C0D5BB2-BE92-43B6-AB27-47ABE14BE401}.Release|Any CPU.ActiveCfg = Release|Any CPU
		{7C0D5BB2-BE92-43B6-AB27-47ABE14BE401}.Release|Any CPU.Build.0 = Release|Any CPU
	EndGlobalSection
	GlobalSection(SolutionProperties) = preSolution
		HideSolutionNode = FALSE
	EndGlobalSection
	GlobalSection(ExtensibilityGlobals) = postSolution
		SolutionGuid = {7BE26133-F661-49AB-A77C-A44DBC52B5AA}
	EndGlobalSection
EndGlobal
