
Microsoft Visual Studio Solution File, Format Version 12.00
# Visual Studio Version 17
VisualStudioVersion = 17.14.36109.1 d17.14
MinimumVisualStudioVersion = 10.0.40219.1
Project("{FAE04EC0-301F-11D3-BF4B-00C04F79EFBC}") = "DictionaryExample3", "DictionaryExample3\DictionaryExample3.csproj", "{E1764B2E-FF18-4F0B-8378-667951EC4A93}"
EndProject
Global
	GlobalSection(SolutionConfigurationPlatforms) = preSolution
		Debug|Any CPU = Debug|Any CPU
		Release|Any CPU = Release|Any CPU
	EndGlobalSection
	GlobalSection(ProjectConfigurationPlatforms) = postSolution
		{E1764B2E-FF18-4F0B-8378-667951EC4A93}.Debug|Any CPU.ActiveCfg = Debug|Any CPU
		{E1764B2E-FF18-4F0B-8378-667951EC4A93}.Debug|Any CPU.Build.0 = Debug|Any CPU
		{E1764B2E-FF18-4F0B-8378-667951EC4A93}.Release|Any CPU.ActiveCfg = Release|Any CPU
		{E1764B2E-FF18-4F0B-8378-667951EC4A93}.Release|Any CPU.Build.0 = Release|Any CPU
	EndGlobalSection
	GlobalSection(SolutionProperties) = preSolution
		HideSolutionNode = FALSE
	EndGlobalSection
	GlobalSection(ExtensibilityGlobals) = postSolution
		SolutionGuid = {DDF16F1A-78EB-441A-8ABA-915F41E42C62}
	EndGlobalSection
EndGlobal
