
Microsoft Visual Studio Solution File, Format Version 12.00
# Visual Studio Version 17
VisualStudioVersion = 17.14.36109.1 d17.14
MinimumVisualStudioVersion = 10.0.40219.1
Project("{FAE04EC0-301F-11D3-BF4B-00C04F79EFBC}") = "BaseKeywordExample", "BaseKeywordExample\BaseKeywordExample.csproj", "{13F4713D-583A-4194-83A5-28FC061AD964}"
EndProject
Global
	GlobalSection(SolutionConfigurationPlatforms) = preSolution
		Debug|Any CPU = Debug|Any CPU
		Release|Any CPU = Release|Any CPU
	EndGlobalSection
	GlobalSection(ProjectConfigurationPlatforms) = postSolution
		{13F4713D-583A-4194-83A5-28FC061AD964}.Debug|Any CPU.ActiveCfg = Debug|Any CPU
		{13F4713D-583A-4194-83A5-28FC061AD964}.Debug|Any CPU.Build.0 = Debug|Any CPU
		{13F4713D-583A-4194-83A5-28FC061AD964}.Release|Any CPU.ActiveCfg = Release|Any CPU
		{13F4713D-583A-4194-83A5-28FC061AD964}.Release|Any CPU.Build.0 = Release|Any CPU
	EndGlobalSection
	GlobalSection(SolutionProperties) = preSolution
		HideSolutionNode = FALSE
	EndGlobalSection
	GlobalSection(ExtensibilityGlobals) = postSolution
		SolutionGuid = {3DAD71A5-1FC3-4529-B60F-5752A46D2878}
	EndGlobalSection
EndGlobal
