
Microsoft Visual Studio Solution File, Format Version 12.00
# Visual Studio Version 17
VisualStudioVersion = 17.14.36109.1 d17.14
MinimumVisualStudioVersion = 10.0.40219.1
Project("{FAE04EC0-301F-11D3-BF4B-00C04F79EFBC}") = "Comments", "Comments\Comments.csproj", "{C789465E-532A-490B-BD10-F9B89C43FED7}"
EndProject
Global
	GlobalSection(SolutionConfigurationPlatforms) = preSolution
		Debug|Any CPU = Debug|Any CPU
		Release|Any CPU = Release|Any CPU
	EndGlobalSection
	GlobalSection(ProjectConfigurationPlatforms) = postSolution
		{C789465E-532A-490B-BD10-F9B89C43FED7}.Debug|Any CPU.ActiveCfg = Debug|Any CPU
		{C789465E-532A-490B-BD10-F9B89C43FED7}.Debug|Any CPU.Build.0 = Debug|Any CPU
		{C789465E-532A-490B-BD10-F9B89C43FED7}.Release|Any CPU.ActiveCfg = Release|Any CPU
		{C789465E-532A-490B-BD10-F9B89C43FED7}.Release|Any CPU.Build.0 = Release|Any CPU
	EndGlobalSection
	GlobalSection(SolutionProperties) = preSolution
		HideSolutionNode = FALSE
	EndGlobalSection
	GlobalSection(ExtensibilityGlobals) = postSolution
		SolutionGuid = {3D3CF3C6-46CE-463E-81DE-2AB2BA7EC1E8}
	EndGlobalSection
EndGlobal
