
Microsoft Visual Studio Solution File, Format Version 12.00
# Visual Studio Version 17
VisualStudioVersion = 17.14.36109.1 d17.14
MinimumVisualStudioVersion = 10.0.40219.1
Project("{FAE04EC0-301F-11D3-BF4B-00C04F79EFBC}") = "Exersise", "Exersise\Exersise.csproj", "{01A2A1FE-25FA-4508-B1D9-2854B8AEEE9B}"
EndProject
Global
	GlobalSection(SolutionConfigurationPlatforms) = preSolution
		Debug|Any CPU = Debug|Any CPU
		Release|Any CPU = Release|Any CPU
	EndGlobalSection
	GlobalSection(ProjectConfigurationPlatforms) = postSolution
		{01A2A1FE-25FA-4508-B1D9-2854B8AEEE9B}.Debug|Any CPU.ActiveCfg = Debug|Any CPU
		{01A2A1FE-25FA-4508-B1D9-2854B8AEEE9B}.Debug|Any CPU.Build.0 = Debug|Any CPU
		{01A2A1FE-25FA-4508-B1D9-2854B8AEEE9B}.Release|Any CPU.ActiveCfg = Release|Any CPU
		{01A2A1FE-25FA-4508-B1D9-2854B8AEEE9B}.Release|Any CPU.Build.0 = Release|Any CPU
	EndGlobalSection
	GlobalSection(SolutionProperties) = preSolution
		HideSolutionNode = FALSE
	EndGlobalSection
	GlobalSection(ExtensibilityGlobals) = postSolution
		SolutionGuid = {5AB67E35-EC75-4F51-A620-AB77597A8FCE}
	EndGlobalSection
EndGlobal
