
Microsoft Visual Studio Solution File, Format Version 12.00
# Visual Studio Version 17
VisualStudioVersion = 17.14.36109.1 d17.14
MinimumVisualStudioVersion = 10.0.40219.1
Project("{FAE04EC0-301F-11D3-BF4B-00C04F79EFBC}") = "TypeConversion", "Parsing\TypeConversion.csproj", "{E9D6C30B-EB95-414F-A133-D59D1875BBCD}"
EndProject
Global
	GlobalSection(SolutionConfigurationPlatforms) = preSolution
		Debug|Any CPU = Debug|Any CPU
		Release|Any CPU = Release|Any CPU
	EndGlobalSection
	GlobalSection(ProjectConfigurationPlatforms) = postSolution
		{E9D6C30B-EB95-414F-A133-D59D1875BBCD}.Debug|Any CPU.ActiveCfg = Debug|Any CPU
		{E9D6C30B-EB95-414F-A133-D59D1875BBCD}.Debug|Any CPU.Build.0 = Debug|Any CPU
		{E9D6C30B-EB95-414F-A133-D59D1875BBCD}.Release|Any CPU.ActiveCfg = Release|Any CPU
		{E9D6C30B-EB95-414F-A133-D59D1875BBCD}.Release|Any CPU.Build.0 = Release|Any CPU
	EndGlobalSection
	GlobalSection(SolutionProperties) = preSolution
		HideSolutionNode = FALSE
	EndGlobalSection
	GlobalSection(ExtensibilityGlobals) = postSolution
		SolutionGuid = {24808A03-D5F8-4BC2-A969-EE9BABED9EAC}
	EndGlobalSection
EndGlobal
