
Microsoft Visual Studio Solution File, Format Version 12.00
# Visual Studio Version 17
VisualStudioVersion = 17.14.36109.1 d17.14
MinimumVisualStudioVersion = 10.0.40219.1
Project("{FAE04EC0-301F-11D3-BF4B-00C04F79EFBC}") = "Loops", "Loops\Loops.csproj", "{5ABBE1DC-8579-4193-9CBD-D8DCC550FC6E}"
EndProject
Global
	GlobalSection(SolutionConfigurationPlatforms) = preSolution
		Debug|Any CPU = Debug|Any CPU
		Release|Any CPU = Release|Any CPU
	EndGlobalSection
	GlobalSection(ProjectConfigurationPlatforms) = postSolution
		{5ABBE1DC-8579-4193-9CBD-D8DCC550FC6E}.Debug|Any CPU.ActiveCfg = Debug|Any CPU
		{5ABBE1DC-8579-4193-9CBD-D8DCC550FC6E}.Debug|Any CPU.Build.0 = Debug|Any CPU
		{5ABBE1DC-8579-4193-9CBD-D8DCC550FC6E}.Release|Any CPU.ActiveCfg = Release|Any CPU
		{5ABBE1DC-8579-4193-9CBD-D8DCC550FC6E}.Release|Any CPU.Build.0 = Release|Any CPU
	EndGlobalSection
	GlobalSection(SolutionProperties) = preSolution
		HideSolutionNode = FALSE
	EndGlobalSection
	GlobalSection(ExtensibilityGlobals) = postSolution
		SolutionGuid = {F758483C-9BE0-4A25-BEF3-11FDE8119C96}
	EndGlobalSection
EndGlobal
