
Microsoft Visual Studio Solution File, Format Version 12.00
# Visual Studio Version 17
VisualStudioVersion = 17.14.36109.1 d17.14
MinimumVisualStudioVersion = 10.0.40219.1
Project("{FAE04EC0-301F-11D3-BF4B-00C04F79EFBC}") = "DebugException", "DebugException\DebugException.csproj", "{4725F135-41E6-43E6-A840-05D0800F4968}"
EndProject
Global
	GlobalSection(SolutionConfigurationPlatforms) = preSolution
		Debug|Any CPU = Debug|Any CPU
		Release|Any CPU = Release|Any CPU
	EndGlobalSection
	GlobalSection(ProjectConfigurationPlatforms) = postSolution
		{4725F135-41E6-43E6-A840-05D0800F4968}.Debug|Any CPU.ActiveCfg = Debug|Any CPU
		{4725F135-41E6-43E6-A840-05D0800F4968}.Debug|Any CPU.Build.0 = Debug|Any CPU
		{4725F135-41E6-43E6-A840-05D0800F4968}.Release|Any CPU.ActiveCfg = Release|Any CPU
		{4725F135-41E6-43E6-A840-05D0800F4968}.Release|Any CPU.Build.0 = Release|Any CPU
	EndGlobalSection
	GlobalSection(SolutionProperties) = preSolution
		HideSolutionNode = FALSE
	EndGlobalSection
	GlobalSection(ExtensibilityGlobals) = postSolution
		SolutionGuid = {C59D8CEA-4607-476B-A1BA-7A4D3AF5B18C}
	EndGlobalSection
EndGlobal
