
Microsoft Visual Studio Solution File, Format Version 12.00
# Visual Studio Version 17
VisualStudioVersion = 17.14.36109.1 d17.14
MinimumVisualStudioVersion = 10.0.40219.1
Project("{FAE04EC0-301F-11D3-BF4B-00C04F79EFBC}") = "RocketLandingGame", "RocketLandingGame\RocketLandingGame.csproj", "{F7F54A9D-82F5-47D9-B328-118FFAEA17AB}"
EndProject
Global
	GlobalSection(SolutionConfigurationPlatforms) = preSolution
		Debug|Any CPU = Debug|Any CPU
		Release|Any CPU = Release|Any CPU
	EndGlobalSection
	GlobalSection(ProjectConfigurationPlatforms) = postSolution
		{F7F54A9D-82F5-47D9-B328-118FFAEA17AB}.Debug|Any CPU.ActiveCfg = Debug|Any CPU
		{F7F54A9D-82F5-47D9-B328-118FFAEA17AB}.Debug|Any CPU.Build.0 = Debug|Any CPU
		{F7F54A9D-82F5-47D9-B328-118FFAEA17AB}.Release|Any CPU.ActiveCfg = Release|Any CPU
		{F7F54A9D-82F5-47D9-B328-118FFAEA17AB}.Release|Any CPU.Build.0 = Release|Any CPU
	EndGlobalSection
	GlobalSection(SolutionProperties) = preSolution
		HideSolutionNode = FALSE
	EndGlobalSection
	GlobalSection(ExtensibilityGlobals) = postSolution
		SolutionGuid = {18739821-34CB-4241-BEC3-7B1793B425C6}
	EndGlobalSection
EndGlobal
