
Microsoft Visual Studio Solution File, Format Version 12.00
# Visual Studio Version 17
VisualStudioVersion = 17.14.36109.1 d17.14
MinimumVisualStudioVersion = 10.0.40219.1
Project("{FAE04EC0-301F-11D3-BF4B-00C04F79EFBC}") = "Operators", "Operators\Operators.csproj", "{FDD6D535-F11F-40CC-B780-4F2C0854566E}"
EndProject
Global
	GlobalSection(SolutionConfigurationPlatforms) = preSolution
		Debug|Any CPU = Debug|Any CPU
		Release|Any CPU = Release|Any CPU
	EndGlobalSection
	GlobalSection(ProjectConfigurationPlatforms) = postSolution
		{FDD6D535-F11F-40CC-B780-4F2C0854566E}.Debug|Any CPU.ActiveCfg = Debug|Any CPU
		{FDD6D535-F11F-40CC-B780-4F2C0854566E}.Debug|Any CPU.Build.0 = Debug|Any CPU
		{FDD6D535-F11F-40CC-B780-4F2C0854566E}.Release|Any CPU.ActiveCfg = Release|Any CPU
		{FDD6D535-F11F-40CC-B780-4F2C0854566E}.Release|Any CPU.Build.0 = Release|Any CPU
	EndGlobalSection
	GlobalSection(SolutionProperties) = preSolution
		HideSolutionNode = FALSE
	EndGlobalSection
	GlobalSection(ExtensibilityGlobals) = postSolution
		SolutionGuid = {D08A8EBE-E158-44DB-B66A-F5AE85F679CC}
	EndGlobalSection
EndGlobal
